Microsoft Visual Studio Solution File, Format Version 12.00
# Visual Studio 15
Project("{8BC9CEB8-8B4A-11D0-8D11-00A0C91BC942}") = "ALL_BUILD", "ALL_BUILD.vcxproj", "{67593274-C5DA-30D6-9119-DD1F464D270B}"
	ProjectSection(ProjectDependencies) = postProject
		{D54020D5-A6AA-327C-8FD0-1623FB07FCED} = {D54020D5-A6AA-327C-8FD0-1623FB07FCED}
		{8C794490-A87A-363F-96E3-E3A1CC14A46B} = {8C794490-A87A-363F-96E3-E3A1CC14A46B}
	EndProjectSection
EndProject
Project("{8BC9CEB8-8B4A-11D0-8D11-00A0C91BC942}") = "ZERO_CHECK", "ZERO_CHECK.vcxproj", "{D54020D5-A6AA-327C-8FD0-1623FB07FCED}"
	ProjectSection(ProjectDependencies) = postProject
	EndProjectSection
EndProject
Project("{8BC9CEB8-8B4A-11D0-8D11-00A0C91BC942}") = "db_cpp", "db_cpp.vcxproj", "{8C794490-A87A-363F-96E3-E3A1CC14A46B}"
	ProjectSection(ProjectDependencies) = postProject
		{D54020D5-A6AA-327C-8FD0-1623FB07FCED} = {D54020D5-A6AA-327C-8FD0-1623FB07FCED}
	EndProjectSection
EndProject
Global
	GlobalSection(SolutionConfigurationPlatforms) = preSolution
		Debug|x64 = Debug|x64
		Release|x64 = Release|x64
		MinSizeRel|x64 = MinSizeRel|x64
		RelWithDebInfo|x64 = RelWithDebInfo|x64
	EndGlobalSection
	GlobalSection(ProjectConfigurationPlatforms) = postSolution
		{67593274-C5DA-30D6-9119-DD1F464D270B}.Debug|x64.ActiveCfg = Debug|x64
		{67593274-C5DA-30D6-9119-DD1F464D270B}.Release|x64.ActiveCfg = Release|x64
		{67593274-C5DA-30D6-9119-DD1F464D270B}.MinSizeRel|x64.ActiveCfg = MinSizeRel|x64
		{67593274-C5DA-30D6-9119-DD1F464D270B}.RelWithDebInfo|x64.ActiveCfg = RelWithDebInfo|x64
		{D54020D5-A6AA-327C-8FD0-1623FB07FCED}.Debug|x64.ActiveCfg = Debug|x64
		{D54020D5-A6AA-327C-8FD0-1623FB07FCED}.Debug|x64.Build.0 = Debug|x64
		{D54020D5-A6AA-327C-8FD0-1623FB07FCED}.Release|x64.ActiveCfg = Release|x64
		{D54020D5-A6AA-327C-8FD0-1623FB07FCED}.Release|x64.Build.0 = Release|x64
		{D54020D5-A6AA-327C-8FD0-1623FB07FCED}.MinSizeRel|x64.ActiveCfg = MinSizeRel|x64
		{D54020D5-A6AA-327C-8FD0-1623FB07FCED}.MinSizeRel|x64.Build.0 = MinSizeRel|x64
		{D54020D5-A6AA-327C-8FD0-1623FB07FCED}.RelWithDebInfo|x64.ActiveCfg = RelWithDebInfo|x64
		{D54020D5-A6AA-327C-8FD0-1623FB07FCED}.RelWithDebInfo|x64.Build.0 = RelWithDebInfo|x64
		{8C794490-A87A-363F-96E3-E3A1CC14A46B}.Debug|x64.ActiveCfg = Debug|x64
		{8C794490-A87A-363F-96E3-E3A1CC14A46B}.Debug|x64.Build.0 = Debug|x64
		{8C794490-A87A-363F-96E3-E3A1CC14A46B}.Release|x64.ActiveCfg = Release|x64
		{8C794490-A87A-363F-96E3-E3A1CC14A46B}.Release|x64.Build.0 = Release|x64
		{8C794490-A87A-363F-96E3-E3A1CC14A46B}.MinSizeRel|x64.ActiveCfg = MinSizeRel|x64
		{8C794490-A87A-363F-96E3-E3A1CC14A46B}.MinSizeRel|x64.Build.0 = MinSizeRel|x64
		{8C794490-A87A-363F-96E3-E3A1CC14A46B}.RelWithDebInfo|x64.ActiveCfg = RelWithDebInfo|x64
		{8C794490-A87A-363F-96E3-E3A1CC14A46B}.RelWithDebInfo|x64.Build.0 = RelWithDebInfo|x64
	EndGlobalSection
	GlobalSection(ExtensibilityGlobals) = postSolution
		SolutionGuid = {1A93EDF9-270B-3E32-9E44-AE4C36EED0ED}
	EndGlobalSection
	GlobalSection(ExtensibilityAddIns) = postSolution
	EndGlobalSection
EndGlobal
