<?xml version="1.0" encoding="UTF-8"?>
<Project ToolsVersion="15.0" xmlns="http://schemas.microsoft.com/developer/msbuild/2003">
  <ItemGroup>
    <ClCompile Include="C:\Users\Oleksandr Vinichenko\source\repos\movie-ticket-booking-system-10th-grade-VOOleksandrov22\db_cpp\database.cpp">
      <Filter>Source Files</Filter>
    </ClCompile>
    <ClCompile Include="C:\Users\Oleksandr Vinichenko\source\repos\movie-ticket-booking-system-10th-grade-VOOleksandrov22\db_cpp\DBModel.cpp">
      <Filter>Source Files</Filter>
    </ClCompile>
  </ItemGroup>
  <ItemGroup>
    <ClInclude Include="C:\Users\Oleksandr Vinichenko\source\repos\movie-ticket-booking-system-10th-grade-VOOleksandrov22\db_cpp\database.h">
      <Filter>Header Files</Filter>
    </ClInclude>
    <ClInclude Include="C:\Users\Oleksandr Vinichenko\source\repos\movie-ticket-booking-system-10th-grade-VOOleksandrov22\db_cpp\DBModel.h">
      <Filter>Header Files</Filter>
    </ClInclude>
  </ItemGroup>
  <ItemGroup>
    <CustomBuild Include="C:\Users\Oleksandr Vinichenko\source\repos\movie-ticket-booking-system-10th-grade-VOOleksandrov22\db_cpp\CMakeLists.txt" />
  </ItemGroup>
  <ItemGroup>
    <Filter Include="Source Files">
      <UniqueIdentifier>{5A9EA374-0C94-35FE-9352-8091FCF832B2}</UniqueIdentifier>
    </Filter>
    <Filter Include="Header Files">
      <UniqueIdentifier>{679C7C5F-17AF-37CE-A0B2-E8E5EC8AF542}</UniqueIdentifier>
    </Filter>
  </ItemGroup>
</Project>
