<?xml version="1.0" encoding="UTF-8"?>
<Project ToolsVersion="15.0" xmlns="http://schemas.microsoft.com/developer/msbuild/2003">
  <ItemGroup>
    <CustomBuild Include="C:\Users\Oleksandr Vinichenko\source\repos\movie-ticket-booking-system-10th-grade-VOOleksandrov22\db_cpp\CMakeFiles\231b978bcb753291a91fba72f29b5c47\generate.stamp.rule">
      <Filter>CMake Rules</Filter>
    </CustomBuild>
  </ItemGroup>
  <ItemGroup>
    <Filter Include="CMake Rules">
      <UniqueIdentifier>{7883B64F-D819-3700-9E54-D1A94750C4DB}</UniqueIdentifier>
    </Filter>
  </ItemGroup>
</Project>
