<?xml version="1.0" encoding="utf-8"?>
<Project ToolsVersion="17.0" xmlns="http://schemas.microsoft.com/developer/msbuild/2003">
  <ItemGroup>
    <ClCompile Include="D:\personal\IT\projects\movie-ticket-booking-system-10th-grade-VOOleksandrov22\db_cpp\database.cpp">
      <Filter>Source Files</Filter>
    </ClCompile>
    <ClCompile Include="D:\personal\IT\projects\movie-ticket-booking-system-10th-grade-VOOleksandrov22\db_cpp\dbModel.cpp">
      <Filter>Source Files</Filter>
    </ClCompile>
  </ItemGroup>
  <ItemGroup>
    <ClInclude Include="D:\personal\IT\projects\movie-ticket-booking-system-10th-grade-VOOleksandrov22\db_cpp\database.h">
      <Filter>Header Files</Filter>
    </ClInclude>
    <ClInclude Include="D:\personal\IT\projects\movie-ticket-booking-system-10th-grade-VOOleksandrov22\db_cpp\dbModel.h">
      <Filter>Header Files</Filter>
    </ClInclude>
  </ItemGroup>
  <ItemGroup>
    <CustomBuild Include="D:\personal\IT\projects\movie-ticket-booking-system-10th-grade-VOOleksandrov22\db_cpp\CMakeLists.txt" />
  </ItemGroup>
  <ItemGroup>
    <Filter Include="Header Files">
      <UniqueIdentifier>{524299D2-FB7E-3E85-A074-5647A58AE67A}</UniqueIdentifier>
    </Filter>
    <Filter Include="Source Files">
      <UniqueIdentifier>{C1F5F69E-BF5F-306F-B699-9A0E120D856C}</UniqueIdentifier>
    </Filter>
  </ItemGroup>
</Project>
