<?xml version="1.0" encoding="utf-8"?>
<Project ToolsVersion="17.0" xmlns="http://schemas.microsoft.com/developer/msbuild/2003">
  <ItemGroup>
    <ClCompile Include="C:\Users\Oleksandr Vinichenko\source\repos\movie-ticket-booking-system-10th-grade-VOOleksandrov22\password_input\PasswordInput\example\main.cpp">
      <Filter>Source Files</Filter>
    </ClCompile>
    <ClCompile Include="C:\Users\Oleksandr Vinichenko\source\repos\movie-ticket-booking-system-10th-grade-VOOleksandrov22\password_input\PasswordInput\src\passwordInput.cpp">
      <Filter>Source Files</Filter>
    </ClCompile>
  </ItemGroup>
  <ItemGroup>
    <ClInclude Include="C:\Users\Oleksandr Vinichenko\source\repos\movie-ticket-booking-system-10th-grade-VOOleksandrov22\password_input\PasswordInput\include\options.h">
      <Filter>Header Files</Filter>
    </ClInclude>
    <ClInclude Include="C:\Users\Oleksandr Vinichenko\source\repos\movie-ticket-booking-system-10th-grade-VOOleksandrov22\password_input\PasswordInput\include\passwordInput.h">
      <Filter>Header Files</Filter>
    </ClInclude>
  </ItemGroup>
  <ItemGroup>
    <CustomBuild Include="C:\Users\Oleksandr Vinichenko\source\repos\movie-ticket-booking-system-10th-grade-VOOleksandrov22\password_input\CMakeLists.txt" />
  </ItemGroup>
  <ItemGroup>
    <Filter Include="Header Files">
      <UniqueIdentifier>{132C298B-7AE3-3AAA-AA08-23C93614BA58}</UniqueIdentifier>
    </Filter>
    <Filter Include="Source Files">
      <UniqueIdentifier>{1BC63DB5-1D75-3934-82DA-35BD600E1E98}</UniqueIdentifier>
    </Filter>
  </ItemGroup>
</Project>
