
Microsoft Visual Studio Solution File, Format Version 12.00
# Visual Studio Version 17
Project("{2150E333-8FDC-42A3-9474-1A3956D46DE8}") = "CMakePredefinedTargets", "CMakePredefinedTargets", "{D4999640-5A01-3A8F-B70B-889AEC3A9A5E}"
EndProject
Project("{8BC9CEB8-8B4A-11D0-8D11-00A0C91BC942}") = "ALL_BUILD", "ALL_BUILD.vcxproj", "{F15A1024-C9DB-394E-98D1-8430F7D66816}"
	ProjectSection(ProjectDependencies) = postProject
		{B8D7E6AD-91B9-36E5-9D82-1B82905C77CB} = {B8D7E6AD-91B9-36E5-9D82-1B82905C77CB}
		{0217171B-F6A9-3090-8C7B-DA898FD0EF37} = {0217171B-F6A9-3090-8C7B-DA898FD0EF37}
	EndProjectSection
EndProject
Project("{8BC9CEB8-8B4A-11D0-8D11-00A0C91BC942}") = "ZERO_CHECK", "ZERO_CHECK.vcxproj", "{B8D7E6AD-91B9-36E5-9D82-1B82905C77CB}"
	ProjectSection(ProjectDependencies) = postProject
	EndProjectSection
EndProject
Project("{8BC9CEB8-8B4A-11D0-8D11-00A0C91BC942}") = "password_input", "password_input.vcxproj", "{0217171B-F6A9-3090-8C7B-DA898FD0EF37}"
	ProjectSection(ProjectDependencies) = postProject
		{B8D7E6AD-91B9-36E5-9D82-1B82905C77CB} = {B8D7E6AD-91B9-36E5-9D82-1B82905C77CB}
	EndProjectSection
EndProject
Global
	GlobalSection(SolutionConfigurationPlatforms) = preSolution
		Debug|x64 = Debug|x64
		Release|x64 = Release|x64
		MinSizeRel|x64 = MinSizeRel|x64
		RelWithDebInfo|x64 = RelWithDebInfo|x64
	EndGlobalSection
	GlobalSection(ProjectConfigurationPlatforms) = postSolution
		{F15A1024-C9DB-394E-98D1-8430F7D66816}.Debug|x64.ActiveCfg = Debug|x64
		{F15A1024-C9DB-394E-98D1-8430F7D66816}.Release|x64.ActiveCfg = Release|x64
		{F15A1024-C9DB-394E-98D1-8430F7D66816}.MinSizeRel|x64.ActiveCfg = MinSizeRel|x64
		{F15A1024-C9DB-394E-98D1-8430F7D66816}.RelWithDebInfo|x64.ActiveCfg = RelWithDebInfo|x64
		{B8D7E6AD-91B9-36E5-9D82-1B82905C77CB}.Debug|x64.ActiveCfg = Debug|x64
		{B8D7E6AD-91B9-36E5-9D82-1B82905C77CB}.Debug|x64.Build.0 = Debug|x64
		{B8D7E6AD-91B9-36E5-9D82-1B82905C77CB}.Release|x64.ActiveCfg = Release|x64
		{B8D7E6AD-91B9-36E5-9D82-1B82905C77CB}.Release|x64.Build.0 = Release|x64
		{B8D7E6AD-91B9-36E5-9D82-1B82905C77CB}.MinSizeRel|x64.ActiveCfg = MinSizeRel|x64
		{B8D7E6AD-91B9-36E5-9D82-1B82905C77CB}.MinSizeRel|x64.Build.0 = MinSizeRel|x64
		{B8D7E6AD-91B9-36E5-9D82-1B82905C77CB}.RelWithDebInfo|x64.ActiveCfg = RelWithDebInfo|x64
		{B8D7E6AD-91B9-36E5-9D82-1B82905C77CB}.RelWithDebInfo|x64.Build.0 = RelWithDebInfo|x64
		{0217171B-F6A9-3090-8C7B-DA898FD0EF37}.Debug|x64.ActiveCfg = Debug|x64
		{0217171B-F6A9-3090-8C7B-DA898FD0EF37}.Debug|x64.Build.0 = Debug|x64
		{0217171B-F6A9-3090-8C7B-DA898FD0EF37}.Release|x64.ActiveCfg = Release|x64
		{0217171B-F6A9-3090-8C7B-DA898FD0EF37}.Release|x64.Build.0 = Release|x64
		{0217171B-F6A9-3090-8C7B-DA898FD0EF37}.MinSizeRel|x64.ActiveCfg = MinSizeRel|x64
		{0217171B-F6A9-3090-8C7B-DA898FD0EF37}.MinSizeRel|x64.Build.0 = MinSizeRel|x64
		{0217171B-F6A9-3090-8C7B-DA898FD0EF37}.RelWithDebInfo|x64.ActiveCfg = RelWithDebInfo|x64
		{0217171B-F6A9-3090-8C7B-DA898FD0EF37}.RelWithDebInfo|x64.Build.0 = RelWithDebInfo|x64
	EndGlobalSection
	GlobalSection(NestedProjects) = preSolution
		{F15A1024-C9DB-394E-98D1-8430F7D66816} = {D4999640-5A01-3A8F-B70B-889AEC3A9A5E}
		{B8D7E6AD-91B9-36E5-9D82-1B82905C77CB} = {D4999640-5A01-3A8F-B70B-889AEC3A9A5E}
	EndGlobalSection
	GlobalSection(ExtensibilityGlobals) = postSolution
		SolutionGuid = {E3BB7762-C1C2-343D-A4DA-1E357B93378D}
	EndGlobalSection
	GlobalSection(ExtensibilityAddIns) = postSolution
	EndGlobalSection
EndGlobal
