<?xml version="1.0" encoding="utf-8"?>
<Project ToolsVersion="17.0" xmlns="http://schemas.microsoft.com/developer/msbuild/2003">
  <ItemGroup>
    <CustomBuild Include="D:\personal\IT\projects\movie-ticket-booking-system-10th-grade-VOOleksandrov22\password_input\vs\CMakeFiles\e5bef24207849014eee3f51a6a787226\generate.stamp.rule">
      <Filter>CMake Rules</Filter>
    </CustomBuild>
  </ItemGroup>
  <ItemGroup>
    <Filter Include="CMake Rules">
      <UniqueIdentifier>{8D41C84F-DDE8-380A-90CB-9877064EF408}</UniqueIdentifier>
    </Filter>
  </ItemGroup>
</Project>
